// !$*UTF8*$!
{
	archiveVersion = 1;
	classes = {
	};
	objectVersion = 56;
	objects = {

/* Begin PBXBuildFile section */
		3700A45E2BDBF3FE00FB9E81 /* SaveToPhotoLibraryButtonView.swift in Sources */ = {isa = PBXBuildFile; fileRef = 3700A45D2BDBF3FE00FB9E81 /* SaveToPhotoLibraryButtonView.swift */; };
		3700A4602BDC012100FB9E81 /* PreviousURLs.swift in Sources */ = {isa = PBXBuildFile; fileRef = 3700A45F2BDC012100FB9E81 /* PreviousURLs.swift */; };
		3700A4622BDC039800FB9E81 /* LastUrlsListView.swift in Sources */ = {isa = PBXBuildFile; fileRef = 3700A4612BDC039800FB9E81 /* LastUrlsListView.swift */; };
		3700A4642BDC11E300FB9E81 /* LastUrlsRowView.swift in Sources */ = {isa = PBXBuildFile; fileRef = 3700A4632BDC11E300FB9E81 /* LastUrlsRowView.swift */; };
		3700A4672BDCF3D800FB9E81 /* VideoDurationView.swift in Sources */ = {isa = PBXBuildFile; fileRef = 3700A4662BDCF3D800FB9E81 /* VideoDurationView.swift */; };
		3700A46A2BDCF4CA00FB9E81 /* VideoProgressView.swift in Sources */ = {isa = PBXBuildFile; fileRef = 3700A4692BDCF4CA00FB9E81 /* VideoProgressView.swift */; };
		3700A46C2BDCF62300FB9E81 /* ChannelThumbnailView.swift in Sources */ = {isa = PBXBuildFile; fileRef = 3700A46B2BDCF62300FB9E81 /* ChannelThumbnailView.swift */; };
		3700A46E2BDCF6E600FB9E81 /* VideoTitleView.swift in Sources */ = {isa = PBXBuildFile; fileRef = 3700A46D2BDCF6E600FB9E81 /* VideoTitleView.swift */; };
		3700A4702BDCF76500FB9E81 /* ChannelTitleView.swift in Sources */ = {isa = PBXBuildFile; fileRef = 3700A46F2BDCF76500FB9E81 /* ChannelTitleView.swift */; };
		3700A4722BDCF7E700FB9E81 /* ChannelSubCountView.swift in Sources */ = {isa = PBXBuildFile; fileRef = 3700A4712BDCF7E700FB9E81 /* ChannelSubCountView.swift */; };
		3700A4742BDCF86700FB9E81 /* VideoViewCoutView.swift in Sources */ = {isa = PBXBuildFile; fileRef = 3700A4732BDCF86700FB9E81 /* VideoViewCoutView.swift */; };
		3700A4762BDCF8EB00FB9E81 /* VideoPublishDateView.swift in Sources */ = {isa = PBXBuildFile; fileRef = 3700A4752BDCF8EB00FB9E81 /* VideoPublishDateView.swift */; };
		3700A4782BDCF95300FB9E81 /* HiddenComponents.swift in Sources */ = {isa = PBXBuildFile; fileRef = 3700A4772BDCF95300FB9E81 /* HiddenComponents.swift */; };
		3700A47A2BDD023A00FB9E81 /* ImageSaverService.swift in Sources */ = {isa = PBXBuildFile; fileRef = 3700A4792BDD023A00FB9E81 /* ImageSaverService.swift */; };
		3700A4822BDD227800FB9E81 /* UniformTypeIdentifiers.framework in Frameworks */ = {isa = PBXBuildFile; fileRef = 3700A4812BDD227800FB9E81 /* UniformTypeIdentifiers.framework */; };
		3700A4852BDD227800FB9E81 /* Media.xcassets in Resources */ = {isa = PBXBuildFile; fileRef = 3700A4842BDD227800FB9E81 /* Media.xcassets */; };
		3700A4872BDD227800FB9E81 /* ActionViewController.swift in Sources */ = {isa = PBXBuildFile; fileRef = 3700A4862BDD227800FB9E81 /* ActionViewController.swift */; };
		3700A48A2BDD227800FB9E81 /* Base in Resources */ = {isa = PBXBuildFile; fileRef = 3700A4892BDD227800FB9E81 /* Base */; };
		3700A48E2BDD227800FB9E81 /* YT Minia Maker Action.appex in Embed Foundation Extensions */ = {isa = PBXBuildFile; fileRef = 3700A47F2BDD227800FB9E81 /* YT Minia Maker Action.appex */; platformFilter = ios; settings = {ATTRIBUTES = (RemoveHeadersOnCopy, ); }; };
		3700A4942BDD2B0B00FB9E81 /* ActionView.swift in Sources */ = {isa = PBXBuildFile; fileRef = 3700A4932BDD2B0B00FB9E81 /* ActionView.swift */; };
		3700A4952BDD2FDB00FB9E81 /* ThumbnailMakerViewModel.swift in Sources */ = {isa = PBXBuildFile; fileRef = 377E30342BD9BDF900135B48 /* ThumbnailMakerViewModel.swift */; };
		3700A4972BDD304800FB9E81 /* ThumbnailMakerView.swift in Sources */ = {isa = PBXBuildFile; fileRef = 377E30592BDA524500135B48 /* ThumbnailMakerView.swift */; };
		3700A4982BDD304E00FB9E81 /* WindowId.swift in Sources */ = {isa = PBXBuildFile; fileRef = 374400472BDAA135005E432B /* WindowId.swift */; };
		3700A4992BDD304E00FB9E81 /* PreviousURLs.swift in Sources */ = {isa = PBXBuildFile; fileRef = 3700A45F2BDC012100FB9E81 /* PreviousURLs.swift */; };
		3700A49A2BDD304E00FB9E81 /* ExportScale.swift in Sources */ = {isa = PBXBuildFile; fileRef = 374400502BDBD268005E432B /* ExportScale.swift */; };
		3700A49B2BDD304E00FB9E81 /* Database.swift in Sources */ = {isa = PBXBuildFile; fileRef = 377E30012BD9981900135B48 /* Database.swift */; };
		3700A49C2BDD304E00FB9E81 /* YTDecodable.swift in Sources */ = {isa = PBXBuildFile; fileRef = 377E30142BD9ADB200135B48 /* YTDecodable.swift */; };
		3700A49D2BDD304E00FB9E81 /* SharableFile.swift in Sources */ = {isa = PBXBuildFile; fileRef = 374400322BDA7EF5005E432B /* SharableFile.swift */; };
		3700A49E2BDD304E00FB9E81 /* YMThumbnailData.swift in Sources */ = {isa = PBXBuildFile; fileRef = 377E30552BDA518300135B48 /* YMThumbnailData.swift */; };
		3700A49F2BDD305400FB9E81 /* Config.swift in Sources */ = {isa = PBXBuildFile; fileRef = 377E30062BD99A6B00135B48 /* Config.swift */; };
		3700A4A02BDD306000FB9E81 /* LastUrlsRowView.swift in Sources */ = {isa = PBXBuildFile; fileRef = 3700A4632BDC11E300FB9E81 /* LastUrlsRowView.swift */; };
		3700A4A12BDD306000FB9E81 /* YMOptionsView.swift in Sources */ = {isa = PBXBuildFile; fileRef = 377E30362BDA2D0C00135B48 /* YMOptionsView.swift */; };
		3700A4A22BDD306000FB9E81 /* CopyImageButtonView.swift in Sources */ = {isa = PBXBuildFile; fileRef = 374400402BDA9F33005E432B /* CopyImageButtonView.swift */; };
		3700A4A32BDD306000FB9E81 /* PreferencesView.swift in Sources */ = {isa = PBXBuildFile; fileRef = 374400422BDAA04A005E432B /* PreferencesView.swift */; };
		3700A4A42BDD306000FB9E81 /* ProgressBar.swift in Sources */ = {isa = PBXBuildFile; fileRef = 377E300C2BD9A11000135B48 /* ProgressBar.swift */; };
		3700A4A52BDD306000FB9E81 /* SaveToPhotoLibraryButtonView.swift in Sources */ = {isa = PBXBuildFile; fileRef = 3700A45D2BDBF3FE00FB9E81 /* SaveToPhotoLibraryButtonView.swift */; };
		3700A4A62BDD306000FB9E81 /* LastUrlsListView.swift in Sources */ = {isa = PBXBuildFile; fileRef = 3700A4612BDC039800FB9E81 /* LastUrlsListView.swift */; };
		3700A4A72BDD306000FB9E81 /* EmptyThumbnailView.swift in Sources */ = {isa = PBXBuildFile; fileRef = 3744004E2BDB8ABE005E432B /* EmptyThumbnailView.swift */; };
		3700A4A82BDD306000FB9E81 /* SaveInDownloadButton.swift in Sources */ = {isa = PBXBuildFile; fileRef = 3744003E2BDA9E5F005E432B /* SaveInDownloadButton.swift */; };
		3700A4A92BDD306000FB9E81 /* MenuBarExtraView.swift in Sources */ = {isa = PBXBuildFile; fileRef = 3744003A2BDA9B1F005E432B /* MenuBarExtraView.swift */; };
		3700A4AA2BDD306700FB9E81 /* VideoTitleView.swift in Sources */ = {isa = PBXBuildFile; fileRef = 3700A46D2BDCF6E600FB9E81 /* VideoTitleView.swift */; };
		3700A4AB2BDD306700FB9E81 /* ChannelSubCountView.swift in Sources */ = {isa = PBXBuildFile; fileRef = 3700A4712BDCF7E700FB9E81 /* ChannelSubCountView.swift */; };
		3700A4AC2BDD306700FB9E81 /* VideoPublishDateView.swift in Sources */ = {isa = PBXBuildFile; fileRef = 3700A4752BDCF8EB00FB9E81 /* VideoPublishDateView.swift */; };
		3700A4AD2BDD306700FB9E81 /* VideoProgressView.swift in Sources */ = {isa = PBXBuildFile; fileRef = 3700A4692BDCF4CA00FB9E81 /* VideoProgressView.swift */; };
		3700A4AE2BDD306700FB9E81 /* ChannelThumbnailView.swift in Sources */ = {isa = PBXBuildFile; fileRef = 3700A46B2BDCF62300FB9E81 /* ChannelThumbnailView.swift */; };
		3700A4AF2BDD306700FB9E81 /* VideoDurationView.swift in Sources */ = {isa = PBXBuildFile; fileRef = 3700A4662BDCF3D800FB9E81 /* VideoDurationView.swift */; };
		3700A4B02BDD306700FB9E81 /* HiddenComponents.swift in Sources */ = {isa = PBXBuildFile; fileRef = 3700A4772BDCF95300FB9E81 /* HiddenComponents.swift */; };
		3700A4B12BDD306700FB9E81 /* VideoViewCoutView.swift in Sources */ = {isa = PBXBuildFile; fileRef = 3700A4732BDCF86700FB9E81 /* VideoViewCoutView.swift */; };
		3700A4B22BDD306700FB9E81 /* ChannelTitleView.swift in Sources */ = {isa = PBXBuildFile; fileRef = 3700A46F2BDCF76500FB9E81 /* ChannelTitleView.swift */; };
		3700A4B32BDD306700FB9E81 /* ThumbnailView.swift in Sources */ = {isa = PBXBuildFile; fileRef = 3744003C2BDA9BFF005E432B /* ThumbnailView.swift */; };
		3700A4B42BDD306D00FB9E81 /* KeyboardShortcuts+Extensions.swift in Sources */ = {isa = PBXBuildFile; fileRef = 374400492BDAA199005E432B /* KeyboardShortcuts+Extensions.swift */; };
		3700A4B52BDD306D00FB9E81 /* Draggable.swift in Sources */ = {isa = PBXBuildFile; fileRef = 374400362BDA9982005E432B /* Draggable.swift */; };
		3700A4B62BDD306D00FB9E81 /* Collection+Extensions.swift in Sources */ = {isa = PBXBuildFile; fileRef = 377E30512BDA508800135B48 /* Collection+Extensions.swift */; };
		3700A4B72BDD306D00FB9E81 /* Bundle+Extensions.swift in Sources */ = {isa = PBXBuildFile; fileRef = 377E30532BDA514500135B48 /* Bundle+Extensions.swift */; };
		3700A4B82BDD306D00FB9E81 /* View+Extensions.swift in Sources */ = {isa = PBXBuildFile; fileRef = 377E304B2BDA455700135B48 /* View+Extensions.swift */; };
		3700A4B92BDD306D00FB9E81 /* ProcessInfo+Extensions.swift in Sources */ = {isa = PBXBuildFile; fileRef = 3744002E2BDA7731005E432B /* ProcessInfo+Extensions.swift */; };
		3700A4BA2BDD306D00FB9E81 /* Pastboard+Extensions.swift in Sources */ = {isa = PBXBuildFile; fileRef = 374400812BDBE3B8005E432B /* Pastboard+Extensions.swift */; };
		3700A4BB2BDD306D00FB9E81 /* String+Extensions.swift in Sources */ = {isa = PBXBuildFile; fileRef = 377E30452BDA3CFF00135B48 /* String+Extensions.swift */; };
		3700A4BC2BDD306D00FB9E81 /* UserDefaults+Extensions.swift in Sources */ = {isa = PBXBuildFile; fileRef = 377E30082BD99CF400135B48 /* UserDefaults+Extensions.swift */; };
		3700A4BD2BDD306D00FB9E81 /* Double+Extensions.swift in Sources */ = {isa = PBXBuildFile; fileRef = 377E300A2BD99F4900135B48 /* Double+Extensions.swift */; };
		3700A4BE2BDD306D00FB9E81 /* FileManager+Extensions.swift in Sources */ = {isa = PBXBuildFile; fileRef = 377E30422BDA38A900135B48 /* FileManager+Extensions.swift */; };
		3700A4BF2BDD306D00FB9E81 /* Date+Extensions.swift in Sources */ = {isa = PBXBuildFile; fileRef = 377E304D2BDA4A3600135B48 /* Date+Extensions.swift */; };
		3700A4C02BDD306D00FB9E81 /* AppImage+Extensions.swift in Sources */ = {isa = PBXBuildFile; fileRef = 374400832BDBE50D005E432B /* AppImage+Extensions.swift */; };
		3700A4C12BDD306D00FB9E81 /* Font+Extensions.swift in Sources */ = {isa = PBXBuildFile; fileRef = 377E30472BDA3F7300135B48 /* Font+Extensions.swift */; };
		3700A4C22BDD307300FB9E81 /* ImageSaverService.swift in Sources */ = {isa = PBXBuildFile; fileRef = 3700A4792BDD023A00FB9E81 /* ImageSaverService.swift */; };
		3700A4C32BDD307300FB9E81 /* NotificationService.swift in Sources */ = {isa = PBXBuildFile; fileRef = 3744004B2BDAA656005E432B /* NotificationService.swift */; };
		3700A4C42BDD307300FB9E81 /* NetworkService.swift in Sources */ = {isa = PBXBuildFile; fileRef = 377E30572BDA51BD00135B48 /* NetworkService.swift */; };
		3700A4C62BDD309400FB9E81 /* Tabs.swift in Sources */ = {isa = PBXBuildFile; fileRef = 3700A4C52BDD309400FB9E81 /* Tabs.swift */; };
		3700A4C72BDD309700FB9E81 /* Tabs.swift in Sources */ = {isa = PBXBuildFile; fileRef = 3700A4C52BDD309400FB9E81 /* Tabs.swift */; };
		3700A4C82BDD31A400FB9E81 /* Config.xcconfig in Resources */ = {isa = PBXBuildFile; fileRef = 377E30032BD99A0600135B48 /* Config.xcconfig */; };
		3700A4C92BDD420A00FB9E81 /* Localizable.xcstrings in Resources */ = {isa = PBXBuildFile; fileRef = 377E304F2BDA4A6600135B48 /* Localizable.xcstrings */; };
		3700A4CA2BDD437A00FB9E81 /* Roboto-LightItalic.ttf in Resources */ = {isa = PBXBuildFile; fileRef = 377E30252BD9BABE00135B48 /* Roboto-LightItalic.ttf */; };
		3700A4CB2BDD437A00FB9E81 /* Roboto-Thin.ttf in Resources */ = {isa = PBXBuildFile; fileRef = 377E30222BD9BABE00135B48 /* Roboto-Thin.ttf */; };
		3700A4CC2BDD437A00FB9E81 /* Roboto-ThinItalic.ttf in Resources */ = {isa = PBXBuildFile; fileRef = 377E30242BD9BABE00135B48 /* Roboto-ThinItalic.ttf */; };
		3700A4CD2BDD437A00FB9E81 /* Roboto-Regular.ttf in Resources */ = {isa = PBXBuildFile; fileRef = 377E30272BD9BABE00135B48 /* Roboto-Regular.ttf */; };
		3700A4CE2BDD437A00FB9E81 /* Roboto-Italic.ttf in Resources */ = {isa = PBXBuildFile; fileRef = 377E301D2BD9BABE00135B48 /* Roboto-Italic.ttf */; };
		3700A4CF2BDD437A00FB9E81 /* Roboto-Light.ttf in Resources */ = {isa = PBXBuildFile; fileRef = 377E30232BD9BABE00135B48 /* Roboto-Light.ttf */; };
		3700A4D02BDD437A00FB9E81 /* Roboto-MediumItalic.ttf in Resources */ = {isa = PBXBuildFile; fileRef = 377E30262BD9BABE00135B48 /* Roboto-MediumItalic.ttf */; };
		3700A4D12BDD437A00FB9E81 /* Roboto-Medium.ttf in Resources */ = {isa = PBXBuildFile; fileRef = 377E30202BD9BABE00135B48 /* Roboto-Medium.ttf */; };
		3700A4D22BDD437A00FB9E81 /* Roboto-Bold.ttf in Resources */ = {isa = PBXBuildFile; fileRef = 377E301C2BD9BABE00135B48 /* Roboto-Bold.ttf */; };
		3700A4D32BDD437A00FB9E81 /* Roboto-Black.ttf in Resources */ = {isa = PBXBuildFile; fileRef = 377E301E2BD9BABE00135B48 /* Roboto-Black.ttf */; };
		3700A4D42BDD437A00FB9E81 /* Roboto-BlackItalic.ttf in Resources */ = {isa = PBXBuildFile; fileRef = 377E301F2BD9BABE00135B48 /* Roboto-BlackItalic.ttf */; };
		3700A4D52BDD437A00FB9E81 /* Roboto-BoldItalic.ttf in Resources */ = {isa = PBXBuildFile; fileRef = 377E30212BD9BABE00135B48 /* Roboto-BoldItalic.ttf */; };
		3744002F2BDA7731005E432B /* ProcessInfo+Extensions.swift in Sources */ = {isa = PBXBuildFile; fileRef = 3744002E2BDA7731005E432B /* ProcessInfo+Extensions.swift */; };
		374400312BDA7BB8005E432B /* README.md in Resources */ = {isa = PBXBuildFile; fileRef = 374400302BDA7BB8005E432B /* README.md */; };
		374400332BDA7EF5005E432B /* SharableFile.swift in Sources */ = {isa = PBXBuildFile; fileRef = 374400322BDA7EF5005E432B /* SharableFile.swift */; };
		374400352BDA92CE005E432B /* yttm_icon.png in Resources */ = {isa = PBXBuildFile; fileRef = 374400342BDA92CE005E432B /* yttm_icon.png */; };
		374400372BDA9982005E432B /* Draggable.swift in Sources */ = {isa = PBXBuildFile; fileRef = 374400362BDA9982005E432B /* Draggable.swift */; };
		3744003B2BDA9B1F005E432B /* MenuBarExtraView.swift in Sources */ = {isa = PBXBuildFile; fileRef = 3744003A2BDA9B1F005E432B /* MenuBarExtraView.swift */; };
		3744003D2BDA9BFF005E432B /* ThumbnailView.swift in Sources */ = {isa = PBXBuildFile; fileRef = 3744003C2BDA9BFF005E432B /* ThumbnailView.swift */; };
		3744003F2BDA9E5F005E432B /* SaveInDownloadButton.swift in Sources */ = {isa = PBXBuildFile; fileRef = 3744003E2BDA9E5F005E432B /* SaveInDownloadButton.swift */; };
		374400412BDA9F33005E432B /* CopyImageButtonView.swift in Sources */ = {isa = PBXBuildFile; fileRef = 374400402BDA9F33005E432B /* CopyImageButtonView.swift */; };
		374400432BDAA04A005E432B /* PreferencesView.swift in Sources */ = {isa = PBXBuildFile; fileRef = 374400422BDAA04A005E432B /* PreferencesView.swift */; };
		374400462BDAA109005E432B /* KeyboardShortcuts in Frameworks */ = {isa = PBXBuildFile; productRef = 374400452BDAA109005E432B /* KeyboardShortcuts */; };
		374400482BDAA136005E432B /* WindowId.swift in Sources */ = {isa = PBXBuildFile; fileRef = 374400472BDAA135005E432B /* WindowId.swift */; };
		3744004A2BDAA199005E432B /* KeyboardShortcuts+Extensions.swift in Sources */ = {isa = PBXBuildFile; fileRef = 374400492BDAA199005E432B /* KeyboardShortcuts+Extensions.swift */; };
		3744004C2BDAA656005E432B /* NotificationService.swift in Sources */ = {isa = PBXBuildFile; fileRef = 3744004B2BDAA656005E432B /* NotificationService.swift */; };
		3744004F2BDB8ABE005E432B /* EmptyThumbnailView.swift in Sources */ = {isa = PBXBuildFile; fileRef = 3744004E2BDB8ABE005E432B /* EmptyThumbnailView.swift */; };
		374400512BDBD268005E432B /* ExportScale.swift in Sources */ = {isa = PBXBuildFile; fileRef = 374400502BDBD268005E432B /* ExportScale.swift */; };
		374400822BDBE3B8005E432B /* Pastboard+Extensions.swift in Sources */ = {isa = PBXBuildFile; fileRef = 374400812BDBE3B8005E432B /* Pastboard+Extensions.swift */; };
		374400842BDBE50D005E432B /* AppImage+Extensions.swift in Sources */ = {isa = PBXBuildFile; fileRef = 374400832BDBE50D005E432B /* AppImage+Extensions.swift */; };
		374D14D22BDD468B00BCEB93 /* ShareConfigFileButton.swift in Sources */ = {isa = PBXBuildFile; fileRef = 374D14D12BDD468B00BCEB93 /* ShareConfigFileButton.swift */; };
		377E2FC42BD9943A00135B48 /* YoutubeMiniaApp.swift in Sources */ = {isa = PBXBuildFile; fileRef = 377E2FC32BD9943A00135B48 /* YoutubeMiniaApp.swift */; };
		377E2FC62BD9943A00135B48 /* ContentView.swift in Sources */ = {isa = PBXBuildFile; fileRef = 377E2FC52BD9943A00135B48 /* ContentView.swift */; };
		377E2FCA2BD9943B00135B48 /* Assets.xcassets in Resources */ = {isa = PBXBuildFile; fileRef = 377E2FC92BD9943B00135B48 /* Assets.xcassets */; };
		377E2FCD2BD9943B00135B48 /* Preview Assets.xcassets in Resources */ = {isa = PBXBuildFile; fileRef = 377E2FCC2BD9943B00135B48 /* Preview Assets.xcassets */; };
		377E30022BD9981900135B48 /* Database.swift in Sources */ = {isa = PBXBuildFile; fileRef = 377E30012BD9981900135B48 /* Database.swift */; };
		377E30042BD99A1300135B48 /* Config.xcconfig in Resources */ = {isa = PBXBuildFile; fileRef = 377E30032BD99A0600135B48 /* Config.xcconfig */; };
		377E30072BD99A6B00135B48 /* Config.swift in Sources */ = {isa = PBXBuildFile; fileRef = 377E30062BD99A6B00135B48 /* Config.swift */; };
		377E30092BD99CF400135B48 /* UserDefaults+Extensions.swift in Sources */ = {isa = PBXBuildFile; fileRef = 377E30082BD99CF400135B48 /* UserDefaults+Extensions.swift */; };
		377E300B2BD99F4900135B48 /* Double+Extensions.swift in Sources */ = {isa = PBXBuildFile; fileRef = 377E300A2BD99F4900135B48 /* Double+Extensions.swift */; };
		377E300D2BD9A11000135B48 /* ProgressBar.swift in Sources */ = {isa = PBXBuildFile; fileRef = 377E300C2BD9A11000135B48 /* ProgressBar.swift */; };
		377E300F2BD9AC2700135B48 /* devVideo.json in Resources */ = {isa = PBXBuildFile; fileRef = 377E300E2BD9AC2700135B48 /* devVideo.json */; };
		377E30152BD9ADB200135B48 /* YTDecodable.swift in Sources */ = {isa = PBXBuildFile; fileRef = 377E30142BD9ADB200135B48 /* YTDecodable.swift */; };
		377E30192BD9B00F00135B48 /* devChannel.json in Resources */ = {isa = PBXBuildFile; fileRef = 377E30182BD9B00F00135B48 /* devChannel.json */; };
		377E30282BD9BABE00135B48 /* Roboto-Bold.ttf in Resources */ = {isa = PBXBuildFile; fileRef = 377E301C2BD9BABE00135B48 /* Roboto-Bold.ttf */; };
		377E30292BD9BABE00135B48 /* Roboto-Italic.ttf in Resources */ = {isa = PBXBuildFile; fileRef = 377E301D2BD9BABE00135B48 /* Roboto-Italic.ttf */; };
		377E302A2BD9BABE00135B48 /* Roboto-Black.ttf in Resources */ = {isa = PBXBuildFile; fileRef = 377E301E2BD9BABE00135B48 /* Roboto-Black.ttf */; };
		377E302B2BD9BABE00135B48 /* Roboto-BlackItalic.ttf in Resources */ = {isa = PBXBuildFile; fileRef = 377E301F2BD9BABE00135B48 /* Roboto-BlackItalic.ttf */; };
		377E302C2BD9BABE00135B48 /* Roboto-Medium.ttf in Resources */ = {isa = PBXBuildFile; fileRef = 377E30202BD9BABE00135B48 /* Roboto-Medium.ttf */; };
		377E302D2BD9BABE00135B48 /* Roboto-BoldItalic.ttf in Resources */ = {isa = PBXBuildFile; fileRef = 377E30212BD9BABE00135B48 /* Roboto-BoldItalic.ttf */; };
		377E302E2BD9BABE00135B48 /* Roboto-Thin.ttf in Resources */ = {isa = PBXBuildFile; fileRef = 377E30222BD9BABE00135B48 /* Roboto-Thin.ttf */; };
		377E302F2BD9BABE00135B48 /* Roboto-Light.ttf in Resources */ = {isa = PBXBuildFile; fileRef = 377E30232BD9BABE00135B48 /* Roboto-Light.ttf */; };
		377E30302BD9BABE00135B48 /* Roboto-ThinItalic.ttf in Resources */ = {isa = PBXBuildFile; fileRef = 377E30242BD9BABE00135B48 /* Roboto-ThinItalic.ttf */; };
		377E30312BD9BABE00135B48 /* Roboto-LightItalic.ttf in Resources */ = {isa = PBXBuildFile; fileRef = 377E30252BD9BABE00135B48 /* Roboto-LightItalic.ttf */; };
		377E30322BD9BABE00135B48 /* Roboto-MediumItalic.ttf in Resources */ = {isa = PBXBuildFile; fileRef = 377E30262BD9BABE00135B48 /* Roboto-MediumItalic.ttf */; };
		377E30332BD9BABE00135B48 /* Roboto-Regular.ttf in Resources */ = {isa = PBXBuildFile; fileRef = 377E30272BD9BABE00135B48 /* Roboto-Regular.ttf */; };
		377E30352BD9BDF900135B48 /* ThumbnailMakerViewModel.swift in Sources */ = {isa = PBXBuildFile; fileRef = 377E30342BD9BDF900135B48 /* ThumbnailMakerViewModel.swift */; };
		377E30372BDA2D0C00135B48 /* YMOptionsView.swift in Sources */ = {isa = PBXBuildFile; fileRef = 377E30362BDA2D0C00135B48 /* YMOptionsView.swift */; };
		377E30432BDA38A900135B48 /* FileManager+Extensions.swift in Sources */ = {isa = PBXBuildFile; fileRef = 377E30422BDA38A900135B48 /* FileManager+Extensions.swift */; };
		377E30462BDA3CFF00135B48 /* String+Extensions.swift in Sources */ = {isa = PBXBuildFile; fileRef = 377E30452BDA3CFF00135B48 /* String+Extensions.swift */; };
		377E30482BDA3F7300135B48 /* Font+Extensions.swift in Sources */ = {isa = PBXBuildFile; fileRef = 377E30472BDA3F7300135B48 /* Font+Extensions.swift */; };
		377E304C2BDA455700135B48 /* View+Extensions.swift in Sources */ = {isa = PBXBuildFile; fileRef = 377E304B2BDA455700135B48 /* View+Extensions.swift */; };
		377E304E2BDA4A3600135B48 /* Date+Extensions.swift in Sources */ = {isa = PBXBuildFile; fileRef = 377E304D2BDA4A3600135B48 /* Date+Extensions.swift */; };
		377E30502BDA4A6600135B48 /* Localizable.xcstrings in Resources */ = {isa = PBXBuildFile; fileRef = 377E304F2BDA4A6600135B48 /* Localizable.xcstrings */; };
		377E30522BDA508800135B48 /* Collection+Extensions.swift in Sources */ = {isa = PBXBuildFile; fileRef = 377E30512BDA508800135B48 /* Collection+Extensions.swift */; };
		377E30542BDA514500135B48 /* Bundle+Extensions.swift in Sources */ = {isa = PBXBuildFile; fileRef = 377E30532BDA514500135B48 /* Bundle+Extensions.swift */; };
		377E30562BDA518300135B48 /* YMThumbnailData.swift in Sources */ = {isa = PBXBuildFile; fileRef = 377E30552BDA518300135B48 /* YMThumbnailData.swift */; };
		377E30582BDA51BD00135B48 /* NetworkService.swift in Sources */ = {isa = PBXBuildFile; fileRef = 377E30572BDA51BD00135B48 /* NetworkService.swift */; };
		377E305A2BDA524500135B48 /* ThumbnailMakerView.swift in Sources */ = {isa = PBXBuildFile; fileRef = 377E30592BDA524500135B48 /* ThumbnailMakerView.swift */; };
/* End PBXBuildFile section */

/* Begin PBXContainerItemProxy section */
		3700A48C2BDD227800FB9E81 /* PBXContainerItemProxy */ = {
			isa = PBXContainerItemProxy;
			containerPortal = 377E2FB82BD9943A00135B48 /* Project object */;
			proxyType = 1;
			remoteGlobalIDString = 3700A47E2BDD227800FB9E81;
			remoteInfo = "YT Minia Maker Action";
		};
/* End PBXContainerItemProxy section */

/* Begin PBXCopyFilesBuildPhase section */
		3700A48F2BDD227800FB9E81 /* Embed Foundation Extensions */ = {
			isa = PBXCopyFilesBuildPhase;
			buildActionMask = 2147483647;
			dstPath = "";
			dstSubfolderSpec = 13;
			files = (
				3700A48E2BDD227800FB9E81 /* YT Minia Maker Action.appex in Embed Foundation Extensions */,
			);
			name = "Embed Foundation Extensions";
			runOnlyForDeploymentPostprocessing = 0;
		};
/* End PBXCopyFilesBuildPhase section */

/* Begin PBXFileReference section */
		3700A45D2BDBF3FE00FB9E81 /* SaveToPhotoLibraryButtonView.swift */ = {isa = PBXFileReference; lastKnownFileType = sourcecode.swift; path = SaveToPhotoLibraryButtonView.swift; sourceTree = "<group>"; };
		3700A45F2BDC012100FB9E81 /* PreviousURLs.swift */ = {isa = PBXFileReference; lastKnownFileType = sourcecode.swift; path = PreviousURLs.swift; sourceTree = "<group>"; };
		3700A4612BDC039800FB9E81 /* LastUrlsListView.swift */ = {isa = PBXFileReference; lastKnownFileType = sourcecode.swift; path = LastUrlsListView.swift; sourceTree = "<group>"; };
		3700A4632BDC11E300FB9E81 /* LastUrlsRowView.swift */ = {isa = PBXFileReference; lastKnownFileType = sourcecode.swift; path = LastUrlsRowView.swift; sourceTree = "<group>"; };
		3700A4662BDCF3D800FB9E81 /* VideoDurationView.swift */ = {isa = PBXFileReference; lastKnownFileType = sourcecode.swift; path = VideoDurationView.swift; sourceTree = "<group>"; };
		3700A4692BDCF4CA00FB9E81 /* VideoProgressView.swift */ = {isa = PBXFileReference; lastKnownFileType = sourcecode.swift; path = VideoProgressView.swift; sourceTree = "<group>"; };
		3700A46B2BDCF62300FB9E81 /* ChannelThumbnailView.swift */ = {isa = PBXFileReference; lastKnownFileType = sourcecode.swift; path = ChannelThumbnailView.swift; sourceTree = "<group>"; };
		3700A46D2BDCF6E600FB9E81 /* VideoTitleView.swift */ = {isa = PBXFileReference; lastKnownFileType = sourcecode.swift; path = VideoTitleView.swift; sourceTree = "<group>"; };
		3700A46F2BDCF76500FB9E81 /* ChannelTitleView.swift */ = {isa = PBXFileReference; lastKnownFileType = sourcecode.swift; path = ChannelTitleView.swift; sourceTree = "<group>"; };
		3700A4712BDCF7E700FB9E81 /* ChannelSubCountView.swift */ = {isa = PBXFileReference; lastKnownFileType = sourcecode.swift; path = ChannelSubCountView.swift; sourceTree = "<group>"; };
		3700A4732BDCF86700FB9E81 /* VideoViewCoutView.swift */ = {isa = PBXFileReference; lastKnownFileType = sourcecode.swift; path = VideoViewCoutView.swift; sourceTree = "<group>"; };
		3700A4752BDCF8EB00FB9E81 /* VideoPublishDateView.swift */ = {isa = PBXFileReference; lastKnownFileType = sourcecode.swift; path = VideoPublishDateView.swift; sourceTree = "<group>"; };
		3700A4772BDCF95300FB9E81 /* HiddenComponents.swift */ = {isa = PBXFileReference; lastKnownFileType = sourcecode.swift; path = HiddenComponents.swift; sourceTree = "<group>"; };
		3700A4792BDD023A00FB9E81 /* ImageSaverService.swift */ = {isa = PBXFileReference; lastKnownFileType = sourcecode.swift; path = ImageSaverService.swift; sourceTree = "<group>"; };
		3700A47F2BDD227800FB9E81 /* YT Minia Maker Action.appex */ = {isa = PBXFileReference; explicitFileType = "wrapper.app-extension"; includeInIndex = 0; path = "YT Minia Maker Action.appex"; sourceTree = BUILT_PRODUCTS_DIR; };
		3700A4812BDD227800FB9E81 /* UniformTypeIdentifiers.framework */ = {isa = PBXFileReference; lastKnownFileType = wrapper.framework; name = UniformTypeIdentifiers.framework; path = System/Library/Frameworks/UniformTypeIdentifiers.framework; sourceTree = SDKROOT; };
		3700A4842BDD227800FB9E81 /* Media.xcassets */ = {isa = PBXFileReference; lastKnownFileType = folder.assetcatalog; path = Media.xcassets; sourceTree = "<group>"; };
		3700A4862BDD227800FB9E81 /* ActionViewController.swift */ = {isa = PBXFileReference; lastKnownFileType = sourcecode.swift; path = ActionViewController.swift; sourceTree = "<group>"; };
		3700A4892BDD227800FB9E81 /* Base */ = {isa = PBXFileReference; lastKnownFileType = file.storyboard; name = Base; path = Base.lproj/MainInterface.storyboard; sourceTree = "<group>"; };
		3700A48B2BDD227800FB9E81 /* Info.plist */ = {isa = PBXFileReference; lastKnownFileType = text.plist.xml; path = Info.plist; sourceTree = "<group>"; };
		3700A4932BDD2B0B00FB9E81 /* ActionView.swift */ = {isa = PBXFileReference; lastKnownFileType = sourcecode.swift; path = ActionView.swift; sourceTree = "<group>"; };
		3700A4C52BDD309400FB9E81 /* Tabs.swift */ = {isa = PBXFileReference; lastKnownFileType = sourcecode.swift; path = Tabs.swift; sourceTree = "<group>"; };
		3744002E2BDA7731005E432B /* ProcessInfo+Extensions.swift */ = {isa = PBXFileReference; lastKnownFileType = sourcecode.swift; path = "ProcessInfo+Extensions.swift"; sourceTree = "<group>"; };
		374400302BDA7BB8005E432B /* README.md */ = {isa = PBXFileReference; lastKnownFileType = net.daringfireball.markdown; path = README.md; sourceTree = "<group>"; };
		374400322BDA7EF5005E432B /* SharableFile.swift */ = {isa = PBXFileReference; lastKnownFileType = sourcecode.swift; path = SharableFile.swift; sourceTree = "<group>"; };
		374400342BDA92CE005E432B /* yttm_icon.png */ = {isa = PBXFileReference; lastKnownFileType = image.png; path = yttm_icon.png; sourceTree = "<group>"; };
		374400362BDA9982005E432B /* Draggable.swift */ = {isa = PBXFileReference; lastKnownFileType = sourcecode.swift; path = Draggable.swift; sourceTree = "<group>"; };
		3744003A2BDA9B1F005E432B /* MenuBarExtraView.swift */ = {isa = PBXFileReference; lastKnownFileType = sourcecode.swift; path = MenuBarExtraView.swift; sourceTree = "<group>"; };
		3744003C2BDA9BFF005E432B /* ThumbnailView.swift */ = {isa = PBXFileReference; lastKnownFileType = sourcecode.swift; path = ThumbnailView.swift; sourceTree = "<group>"; };
		3744003E2BDA9E5F005E432B /* SaveInDownloadButton.swift */ = {isa = PBXFileReference; lastKnownFileType = sourcecode.swift; path = SaveInDownloadButton.swift; sourceTree = "<group>"; };
		374400402BDA9F33005E432B /* CopyImageButtonView.swift */ = {isa = PBXFileReference; lastKnownFileType = sourcecode.swift; path = CopyImageButtonView.swift; sourceTree = "<group>"; };
		374400422BDAA04A005E432B /* PreferencesView.swift */ = {isa = PBXFileReference; lastKnownFileType = sourcecode.swift; path = PreferencesView.swift; sourceTree = "<group>"; };
		374400472BDAA135005E432B /* WindowId.swift */ = {isa = PBXFileReference; lastKnownFileType = sourcecode.swift; path = WindowId.swift; sourceTree = "<group>"; };
		374400492BDAA199005E432B /* KeyboardShortcuts+Extensions.swift */ = {isa = PBXFileReference; lastKnownFileType = sourcecode.swift; path = "KeyboardShortcuts+Extensions.swift"; sourceTree = "<group>"; };
		3744004B2BDAA656005E432B /* NotificationService.swift */ = {isa = PBXFileReference; lastKnownFileType = sourcecode.swift; path = NotificationService.swift; sourceTree = "<group>"; };
		3744004D2BDAC29B005E432B /* PrivacyInfo.xcprivacy */ = {isa = PBXFileReference; lastKnownFileType = text.xml; path = PrivacyInfo.xcprivacy; sourceTree = "<group>"; };
		3744004E2BDB8ABE005E432B /* EmptyThumbnailView.swift */ = {isa = PBXFileReference; lastKnownFileType = sourcecode.swift; path = EmptyThumbnailView.swift; sourceTree = "<group>"; };
		374400502BDBD268005E432B /* ExportScale.swift */ = {isa = PBXFileReference; lastKnownFileType = sourcecode.swift; path = ExportScale.swift; sourceTree = "<group>"; };
		374400812BDBE3B8005E432B /* Pastboard+Extensions.swift */ = {isa = PBXFileReference; lastKnownFileType = sourcecode.swift; path = "Pastboard+Extensions.swift"; sourceTree = "<group>"; };
		374400832BDBE50D005E432B /* AppImage+Extensions.swift */ = {isa = PBXFileReference; lastKnownFileType = sourcecode.swift; path = "AppImage+Extensions.swift"; sourceTree = "<group>"; };
		374D14D12BDD468B00BCEB93 /* ShareConfigFileButton.swift */ = {isa = PBXFileReference; lastKnownFileType = sourcecode.swift; path = ShareConfigFileButton.swift; sourceTree = "<group>"; };
		377E2FC02BD9943A00135B48 /* YT Minia Maker.app */ = {isa = PBXFileReference; explicitFileType = wrapper.application; includeInIndex = 0; path = "YT Minia Maker.app"; sourceTree = BUILT_PRODUCTS_DIR; };
		377E2FC32BD9943A00135B48 /* YoutubeMiniaApp.swift */ = {isa = PBXFileReference; lastKnownFileType = sourcecode.swift; path = YoutubeMiniaApp.swift; sourceTree = "<group>"; };
		377E2FC52BD9943A00135B48 /* ContentView.swift */ = {isa = PBXFileReference; lastKnownFileType = sourcecode.swift; path = ContentView.swift; sourceTree = "<group>"; };
		377E2FC92BD9943B00135B48 /* Assets.xcassets */ = {isa = PBXFileReference; lastKnownFileType = folder.assetcatalog; path = Assets.xcassets; sourceTree = "<group>"; };
		377E2FCC2BD9943B00135B48 /* Preview Assets.xcassets */ = {isa = PBXFileReference; lastKnownFileType = folder.assetcatalog; path = "Preview Assets.xcassets"; sourceTree = "<group>"; };
		377E2FCE2BD9943B00135B48 /* YoutubeMinia.entitlements */ = {isa = PBXFileReference; lastKnownFileType = text.plist.entitlements; path = YoutubeMinia.entitlements; sourceTree = "<group>"; };
		377E2FD72BD9943B00135B48 /* YoutubeMiniaTests.swift */ = {isa = PBXFileReference; lastKnownFileType = sourcecode.swift; path = YoutubeMiniaTests.swift; sourceTree = "<group>"; };
		377E2FE12BD9943B00135B48 /* YoutubeMiniaUITests.swift */ = {isa = PBXFileReference; lastKnownFileType = sourcecode.swift; path = YoutubeMiniaUITests.swift; sourceTree = "<group>"; };
		377E2FE32BD9943B00135B48 /* YoutubeMiniaUITestsLaunchTests.swift */ = {isa = PBXFileReference; lastKnownFileType = sourcecode.swift; path = YoutubeMiniaUITestsLaunchTests.swift; sourceTree = "<group>"; };
		377E30012BD9981900135B48 /* Database.swift */ = {isa = PBXFileReference; lastKnownFileType = sourcecode.swift; path = Database.swift; sourceTree = "<group>"; };
		377E30032BD99A0600135B48 /* Config.xcconfig */ = {isa = PBXFileReference; lastKnownFileType = text.xcconfig; path = Config.xcconfig; sourceTree = "<group>"; };
		377E30052BD99A2200135B48 /* Info.plist */ = {isa = PBXFileReference; lastKnownFileType = text.plist; path = Info.plist; sourceTree = "<group>"; };
		377E30062BD99A6B00135B48 /* Config.swift */ = {isa = PBXFileReference; lastKnownFileType = sourcecode.swift; path = Config.swift; sourceTree = "<group>"; };
		377E30082BD99CF400135B48 /* UserDefaults+Extensions.swift */ = {isa = PBXFileReference; lastKnownFileType = sourcecode.swift; path = "UserDefaults+Extensions.swift"; sourceTree = "<group>"; };
		377E300A2BD99F4900135B48 /* Double+Extensions.swift */ = {isa = PBXFileReference; lastKnownFileType = sourcecode.swift; path = "Double+Extensions.swift"; sourceTree = "<group>"; };
		377E300C2BD9A11000135B48 /* ProgressBar.swift */ = {isa = PBXFileReference; lastKnownFileType = sourcecode.swift; path = ProgressBar.swift; sourceTree = "<group>"; };
		377E300E2BD9AC2700135B48 /* devVideo.json */ = {isa = PBXFileReference; lastKnownFileType = text.json; path = devVideo.json; sourceTree = "<group>"; };
		377E30142BD9ADB200135B48 /* YTDecodable.swift */ = {isa = PBXFileReference; lastKnownFileType = sourcecode.swift; path = YTDecodable.swift; sourceTree = "<group>"; };
		377E30182BD9B00F00135B48 /* devChannel.json */ = {isa = PBXFileReference; lastKnownFileType = text.json; path = devChannel.json; sourceTree = "<group>"; };
		377E301C2BD9BABE00135B48 /* Roboto-Bold.ttf */ = {isa = PBXFileReference; lastKnownFileType = file; path = "Roboto-Bold.ttf"; sourceTree = "<group>"; };
		377E301D2BD9BABE00135B48 /* Roboto-Italic.ttf */ = {isa = PBXFileReference; lastKnownFileType = file; path = "Roboto-Italic.ttf"; sourceTree = "<group>"; };
		377E301E2BD9BABE00135B48 /* Roboto-Black.ttf */ = {isa = PBXFileReference; lastKnownFileType = file; path = "Roboto-Black.ttf"; sourceTree = "<group>"; };
		377E301F2BD9BABE00135B48 /* Roboto-BlackItalic.ttf */ = {isa = PBXFileReference; lastKnownFileType = file; path = "Roboto-BlackItalic.ttf"; sourceTree = "<group>"; };
		377E30202BD9BABE00135B48 /* Roboto-Medium.ttf */ = {isa = PBXFileReference; lastKnownFileType = file; path = "Roboto-Medium.ttf"; sourceTree = "<group>"; };
		377E30212BD9BABE00135B48 /* Roboto-BoldItalic.ttf */ = {isa = PBXFileReference; lastKnownFileType = file; path = "Roboto-BoldItalic.ttf"; sourceTree = "<group>"; };
		377E30222BD9BABE00135B48 /* Roboto-Thin.ttf */ = {isa = PBXFileReference; lastKnownFileType = file; path = "Roboto-Thin.ttf"; sourceTree = "<group>"; };
		377E30232BD9BABE00135B48 /* Roboto-Light.ttf */ = {isa = PBXFileReference; lastKnownFileType = file; path = "Roboto-Light.ttf"; sourceTree = "<group>"; };
		377E30242BD9BABE00135B48 /* Roboto-ThinItalic.ttf */ = {isa = PBXFileReference; lastKnownFileType = file; path = "Roboto-ThinItalic.ttf"; sourceTree = "<group>"; };
		377E30252BD9BABE00135B48 /* Roboto-LightItalic.ttf */ = {isa = PBXFileReference; lastKnownFileType = file; path = "Roboto-LightItalic.ttf"; sourceTree = "<group>"; };
		377E30262BD9BABE00135B48 /* Roboto-MediumItalic.ttf */ = {isa = PBXFileReference; lastKnownFileType = file; path = "Roboto-MediumItalic.ttf"; sourceTree = "<group>"; };
		377E30272BD9BABE00135B48 /* Roboto-Regular.ttf */ = {isa = PBXFileReference; lastKnownFileType = file; path = "Roboto-Regular.ttf"; sourceTree = "<group>"; };
		377E30342BD9BDF900135B48 /* ThumbnailMakerViewModel.swift */ = {isa = PBXFileReference; lastKnownFileType = sourcecode.swift; path = ThumbnailMakerViewModel.swift; sourceTree = "<group>"; };
		377E30362BDA2D0C00135B48 /* YMOptionsView.swift */ = {isa = PBXFileReference; lastKnownFileType = sourcecode.swift; path = YMOptionsView.swift; sourceTree = "<group>"; };
		377E30422BDA38A900135B48 /* FileManager+Extensions.swift */ = {isa = PBXFileReference; lastKnownFileType = sourcecode.swift; path = "FileManager+Extensions.swift"; sourceTree = "<group>"; };
		377E30452BDA3CFF00135B48 /* String+Extensions.swift */ = {isa = PBXFileReference; lastKnownFileType = sourcecode.swift; path = "String+Extensions.swift"; sourceTree = "<group>"; };
		377E30472BDA3F7300135B48 /* Font+Extensions.swift */ = {isa = PBXFileReference; lastKnownFileType = sourcecode.swift; path = "Font+Extensions.swift"; sourceTree = "<group>"; };
		377E304B2BDA455700135B48 /* View+Extensions.swift */ = {isa = PBXFileReference; lastKnownFileType = sourcecode.swift; path = "View+Extensions.swift"; sourceTree = "<group>"; };
		377E304D2BDA4A3600135B48 /* Date+Extensions.swift */ = {isa = PBXFileReference; lastKnownFileType = sourcecode.swift; path = "Date+Extensions.swift"; sourceTree = "<group>"; };
		377E304F2BDA4A6600135B48 /* Localizable.xcstrings */ = {isa = PBXFileReference; lastKnownFileType = text.json.xcstrings; path = Localizable.xcstrings; sourceTree = "<group>"; };
		377E30512BDA508800135B48 /* Collection+Extensions.swift */ = {isa = PBXFileReference; lastKnownFileType = sourcecode.swift; path = "Collection+Extensions.swift"; sourceTree = "<group>"; };
		377E30532BDA514500135B48 /* Bundle+Extensions.swift */ = {isa = PBXFileReference; lastKnownFileType = sourcecode.swift; path = "Bundle+Extensions.swift"; sourceTree = "<group>"; };
		377E30552BDA518300135B48 /* YMThumbnailData.swift */ = {isa = PBXFileReference; lastKnownFileType = sourcecode.swift; path = YMThumbnailData.swift; sourceTree = "<group>"; };
		377E30572BDA51BD00135B48 /* NetworkService.swift */ = {isa = PBXFileReference; lastKnownFileType = sourcecode.swift; path = NetworkService.swift; sourceTree = "<group>"; };
		377E30592BDA524500135B48 /* ThumbnailMakerView.swift */ = {isa = PBXFileReference; lastKnownFileType = sourcecode.swift; path = ThumbnailMakerView.swift; sourceTree = "<group>"; };
/* End PBXFileReference section */

/* Begin PBXFrameworksBuildPhase section */
		3700A47C2BDD227800FB9E81 /* Frameworks */ = {
			isa = PBXFrameworksBuildPhase;
			buildActionMask = 2147483647;
			files = (
				3700A4822BDD227800FB9E81 /* UniformTypeIdentifiers.framework in Frameworks */,
			);
			runOnlyForDeploymentPostprocessing = 0;
		};
		377E2FBD2BD9943A00135B48 /* Frameworks */ = {
			isa = PBXFrameworksBuildPhase;
			buildActionMask = 2147483647;
			files = (
				374400462BDAA109005E432B /* KeyboardShortcuts in Frameworks */,
			);
			runOnlyForDeploymentPostprocessing = 0;
		};
/* End PBXFrameworksBuildPhase section */

/* Begin PBXGroup section */
		3700A4652BDCF3BB00FB9E81 /* Thumbnail */ = {
			isa = PBXGroup;
			children = (
				3744003C2BDA9BFF005E432B /* ThumbnailView.swift */,
				3700A4772BDCF95300FB9E81 /* HiddenComponents.swift */,
				3700A4682BDCF4BD00FB9E81 /* Components */,
			);
			path = Thumbnail;
			sourceTree = "<group>";
		};
		3700A4682BDCF4BD00FB9E81 /* Components */ = {
			isa = PBXGroup;
			children = (
				3700A4662BDCF3D800FB9E81 /* VideoDurationView.swift */,
				3700A4692BDCF4CA00FB9E81 /* VideoProgressView.swift */,
				3700A46B2BDCF62300FB9E81 /* ChannelThumbnailView.swift */,
				3700A46D2BDCF6E600FB9E81 /* VideoTitleView.swift */,
				3700A46F2BDCF76500FB9E81 /* ChannelTitleView.swift */,
				3700A4712BDCF7E700FB9E81 /* ChannelSubCountView.swift */,
				3700A4732BDCF86700FB9E81 /* VideoViewCoutView.swift */,
				3700A4752BDCF8EB00FB9E81 /* VideoPublishDateView.swift */,
			);
			path = Components;
			sourceTree = "<group>";
		};
		3700A4802BDD227800FB9E81 /* Frameworks */ = {
			isa = PBXGroup;
			children = (
				3700A4812BDD227800FB9E81 /* UniformTypeIdentifiers.framework */,
			);
			name = Frameworks;
			sourceTree = "<group>";
		};
		3700A4832BDD227800FB9E81 /* YT Minia Maker Action */ = {
			isa = PBXGroup;
			children = (
				3700A4842BDD227800FB9E81 /* Media.xcassets */,
				3700A4862BDD227800FB9E81 /* ActionViewController.swift */,
				3700A4932BDD2B0B00FB9E81 /* ActionView.swift */,
				3700A4882BDD227800FB9E81 /* MainInterface.storyboard */,
				3700A48B2BDD227800FB9E81 /* Info.plist */,
			);
			path = "YT Minia Maker Action";
			sourceTree = "<group>";
		};
		374400382BDA99B5005E432B /* View */ = {
			isa = PBXGroup;
			children = (
				377E2FC52BD9943A00135B48 /* ContentView.swift */,
				374400392BDA99EF005E432B /* ThumbnailMaker */,
				377E30362BDA2D0C00135B48 /* YMOptionsView.swift */,
				3744004E2BDB8ABE005E432B /* EmptyThumbnailView.swift */,
				3700A4652BDCF3BB00FB9E81 /* Thumbnail */,
				377E300C2BD9A11000135B48 /* ProgressBar.swift */,
				3700A4612BDC039800FB9E81 /* LastUrlsListView.swift */,
				3700A4632BDC11E300FB9E81 /* LastUrlsRowView.swift */,
				3744003E2BDA9E5F005E432B /* SaveInDownloadButton.swift */,
				374D14D12BDD468B00BCEB93 /* ShareConfigFileButton.swift */,
				374400402BDA9F33005E432B /* CopyImageButtonView.swift */,
				3700A45D2BDBF3FE00FB9E81 /* SaveToPhotoLibraryButtonView.swift */,
				3744003A2BDA9B1F005E432B /* MenuBarExtraView.swift */,
				374400422BDAA04A005E432B /* PreferencesView.swift */,
			);
			path = View;
			sourceTree = "<group>";
		};
		374400392BDA99EF005E432B /* ThumbnailMaker */ = {
			isa = PBXGroup;
			children = (
				377E30592BDA524500135B48 /* ThumbnailMakerView.swift */,
				377E30342BD9BDF900135B48 /* ThumbnailMakerViewModel.swift */,
			);
			path = ThumbnailMaker;
			sourceTree = "<group>";
		};
		377E2FB72BD9943A00135B48 = {
			isa = PBXGroup;
			children = (
				374400302BDA7BB8005E432B /* README.md */,
				3744004D2BDAC29B005E432B /* PrivacyInfo.xcprivacy */,
				377E30032BD99A0600135B48 /* Config.xcconfig */,
				377E2FC22BD9943A00135B48 /* YoutubeMinia */,
				377E2FD62BD9943B00135B48 /* YoutubeMiniaTests */,
				377E2FE02BD9943B00135B48 /* YoutubeMiniaUITests */,
				3700A4832BDD227800FB9E81 /* YT Minia Maker Action */,
				3700A4802BDD227800FB9E81 /* Frameworks */,
				377E2FC12BD9943A00135B48 /* Products */,
			);
			sourceTree = "<group>";
		};
		377E2FC12BD9943A00135B48 /* Products */ = {
			isa = PBXGroup;
			children = (
				377E2FC02BD9943A00135B48 /* YT Minia Maker.app */,
				3700A47F2BDD227800FB9E81 /* YT Minia Maker Action.appex */,
			);
			name = Products;
			sourceTree = "<group>";
		};
		377E2FC22BD9943A00135B48 /* YoutubeMinia */ = {
			isa = PBXGroup;
			children = (
				377E30052BD99A2200135B48 /* Info.plist */,
				377E2FC32BD9943A00135B48 /* YoutubeMiniaApp.swift */,
				377E30062BD99A6B00135B48 /* Config.swift */,
				377E30132BD9ADAC00135B48 /* Model */,
				374400382BDA99B5005E432B /* View */,
				377E30442BDA3CF500135B48 /* Extensions */,
				377E305B2BDA550D00135B48 /* Services */,
				377E301A2BD9BA9400135B48 /* Ressources */,
				377E2FCE2BD9943B00135B48 /* YoutubeMinia.entitlements */,
				377E2FCB2BD9943B00135B48 /* Preview Content */,
			);
			path = YoutubeMinia;
			sourceTree = "<group>";
		};
		377E2FCB2BD9943B00135B48 /* Preview Content */ = {
			isa = PBXGroup;
			children = (
				377E2FCC2BD9943B00135B48 /* Preview Assets.xcassets */,
			);
			path = "Preview Content";
			sourceTree = "<group>";
		};
		377E2FD62BD9943B00135B48 /* YoutubeMiniaTests */ = {
			isa = PBXGroup;
			children = (
				377E2FD72BD9943B00135B48 /* YoutubeMiniaTests.swift */,
			);
			path = YoutubeMiniaTests;
			sourceTree = "<group>";
		};
		377E2FE02BD9943B00135B48 /* YoutubeMiniaUITests */ = {
			isa = PBXGroup;
			children = (
				377E2FE12BD9943B00135B48 /* YoutubeMiniaUITests.swift */,
				377E2FE32BD9943B00135B48 /* YoutubeMiniaUITestsLaunchTests.swift */,
			);
			path = YoutubeMiniaUITests;
			sourceTree = "<group>";
		};
		377E30132BD9ADAC00135B48 /* Model */ = {
			isa = PBXGroup;
			children = (
				377E30012BD9981900135B48 /* Database.swift */,
				3700A4C52BDD309400FB9E81 /* Tabs.swift */,
				3700A45F2BDC012100FB9E81 /* PreviousURLs.swift */,
				374400322BDA7EF5005E432B /* SharableFile.swift */,
				374400502BDBD268005E432B /* ExportScale.swift */,
				377E30142BD9ADB200135B48 /* YTDecodable.swift */,
				377E30552BDA518300135B48 /* YMThumbnailData.swift */,
				374400472BDAA135005E432B /* WindowId.swift */,
			);
			path = Model;
			sourceTree = "<group>";
		};
		377E301A2BD9BA9400135B48 /* Ressources */ = {
			isa = PBXGroup;
			children = (
				377E300E2BD9AC2700135B48 /* devVideo.json */,
				377E30182BD9B00F00135B48 /* devChannel.json */,
				374400342BDA92CE005E432B /* yttm_icon.png */,
				377E301B2BD9BAAF00135B48 /* font */,
				377E2FC92BD9943B00135B48 /* Assets.xcassets */,
				377E304F2BDA4A6600135B48 /* Localizable.xcstrings */,
			);
			path = Ressources;
			sourceTree = "<group>";
		};
		377E301B2BD9BAAF00135B48 /* font */ = {
			isa = PBXGroup;
			children = (
				377E301E2BD9BABE00135B48 /* Roboto-Black.ttf */,
				377E301F2BD9BABE00135B48 /* Roboto-BlackItalic.ttf */,
				377E301C2BD9BABE00135B48 /* Roboto-Bold.ttf */,
				377E30212BD9BABE00135B48 /* Roboto-BoldItalic.ttf */,
				377E301D2BD9BABE00135B48 /* Roboto-Italic.ttf */,
				377E30232BD9BABE00135B48 /* Roboto-Light.ttf */,
				377E30252BD9BABE00135B48 /* Roboto-LightItalic.ttf */,
				377E30202BD9BABE00135B48 /* Roboto-Medium.ttf */,
				377E30262BD9BABE00135B48 /* Roboto-MediumItalic.ttf */,
				377E30272BD9BABE00135B48 /* Roboto-Regular.ttf */,
				377E30222BD9BABE00135B48 /* Roboto-Thin.ttf */,
				377E30242BD9BABE00135B48 /* Roboto-ThinItalic.ttf */,
			);
			path = font;
			sourceTree = "<group>";
		};
		377E30442BDA3CF500135B48 /* Extensions */ = {
			isa = PBXGroup;
			children = (
				374400362BDA9982005E432B /* Draggable.swift */,
				374400812BDBE3B8005E432B /* Pastboard+Extensions.swift */,
				377E300A2BD99F4900135B48 /* Double+Extensions.swift */,
				377E30082BD99CF400135B48 /* UserDefaults+Extensions.swift */,
				374400832BDBE50D005E432B /* AppImage+Extensions.swift */,
				377E30422BDA38A900135B48 /* FileManager+Extensions.swift */,
				3744002E2BDA7731005E432B /* ProcessInfo+Extensions.swift */,
				377E30532BDA514500135B48 /* Bundle+Extensions.swift */,
				377E30452BDA3CFF00135B48 /* String+Extensions.swift */,
				377E30512BDA508800135B48 /* Collection+Extensions.swift */,
				377E304D2BDA4A3600135B48 /* Date+Extensions.swift */,
				377E30472BDA3F7300135B48 /* Font+Extensions.swift */,
				377E304B2BDA455700135B48 /* View+Extensions.swift */,
				374400492BDAA199005E432B /* KeyboardShortcuts+Extensions.swift */,
			);
			path = Extensions;
			sourceTree = "<group>";
		};
		377E305B2BDA550D00135B48 /* Services */ = {
			isa = PBXGroup;
			children = (
				377E30572BDA51BD00135B48 /* NetworkService.swift */,
				3700A4792BDD023A00FB9E81 /* ImageSaverService.swift */,
				3744004B2BDAA656005E432B /* NotificationService.swift */,
			);
			path = Services;
			sourceTree = "<group>";
		};
/* End PBXGroup section */

/* Begin PBXNativeTarget section */
		3700A47E2BDD227800FB9E81 /* YT Minia Maker Action */ = {
			isa = PBXNativeTarget;
			buildConfigurationList = 3700A4922BDD227800FB9E81 /* Build configuration list for PBXNativeTarget "YT Minia Maker Action" */;
			buildPhases = (
				3700A47B2BDD227800FB9E81 /* Sources */,
				3700A47C2BDD227800FB9E81 /* Frameworks */,
				3700A47D2BDD227800FB9E81 /* Resources */,
			);
			buildRules = (
			);
			dependencies = (
			);
			name = "YT Minia Maker Action";
			productName = "YT Minia Maker Action";
			productReference = 3700A47F2BDD227800FB9E81 /* YT Minia Maker Action.appex */;
			productType = "com.apple.product-type.app-extension";
		};
		377E2FBF2BD9943A00135B48 /* YoutubeMinia */ = {
			isa = PBXNativeTarget;
			buildConfigurationList = 377E2FE72BD9943B00135B48 /* Build configuration list for PBXNativeTarget "YoutubeMinia" */;
			buildPhases = (
				377E2FBC2BD9943A00135B48 /* Sources */,
				377E2FBD2BD9943A00135B48 /* Frameworks */,
				377E2FBE2BD9943A00135B48 /* Resources */,
				3700A48F2BDD227800FB9E81 /* Embed Foundation Extensions */,
			);
			buildRules = (
			);
			dependencies = (
				3700A48D2BDD227800FB9E81 /* PBXTargetDependency */,
			);
			name = YoutubeMinia;
			packageProductDependencies = (
				374400452BDAA109005E432B /* KeyboardShortcuts */,
			);
			productName = YoutubeMinia;
			productReference = 377E2FC02BD9943A00135B48 /* YT Minia Maker.app */;
			productType = "com.apple.product-type.application";
		};
/* End PBXNativeTarget section */

/* Begin PBXProject section */
		377E2FB82BD9943A00135B48 /* Project object */ = {
			isa = PBXProject;
			attributes = {
				BuildIndependentTargetsInParallel = 1;
				LastSwiftUpdateCheck = 1530;
				LastUpgradeCheck = 1530;
				TargetAttributes = {
					3700A47E2BDD227800FB9E81 = {
						CreatedOnToolsVersion = 15.3;
					};
					377E2FBF2BD9943A00135B48 = {
						CreatedOnToolsVersion = 15.3;
					};
				};
			};
			buildConfigurationList = 377E2FBB2BD9943A00135B48 /* Build configuration list for PBXProject "YoutubeMinia" */;
			compatibilityVersion = "Xcode 14.0";
			developmentRegion = en;
			hasScannedForEncodings = 0;
			knownRegions = (
				en,
				Base,
				fr,
			);
			mainGroup = 377E2FB72BD9943A00135B48;
			packageReferences = (
				374400442BDAA109005E432B /* XCRemoteSwiftPackageReference "KeyboardShortcuts" */,
			);
			productRefGroup = 377E2FC12BD9943A00135B48 /* Products */;
			projectDirPath = "";
			projectRoot = "";
			targets = (
				377E2FBF2BD9943A00135B48 /* YoutubeMinia */,
				3700A47E2BDD227800FB9E81 /* YT Minia Maker Action */,
			);
		};
/* End PBXProject section */

/* Begin PBXResourcesBuildPhase section */
		3700A47D2BDD227800FB9E81 /* Resources */ = {
			isa = PBXResourcesBuildPhase;
			buildActionMask = 2147483647;
			files = (
				3700A4852BDD227800FB9E81 /* Media.xcassets in Resources */,
				3700A4C82BDD31A400FB9E81 /* Config.xcconfig in Resources */,
				3700A4C92BDD420A00FB9E81 /* Localizable.xcstrings in Resources */,
				3700A48A2BDD227800FB9E81 /* Base in Resources */,
				3700A4CA2BDD437A00FB9E81 /* Roboto-LightItalic.ttf in Resources */,
				3700A4CB2BDD437A00FB9E81 /* Roboto-Thin.ttf in Resources */,
				3700A4CC2BDD437A00FB9E81 /* Roboto-ThinItalic.ttf in Resources */,
				3700A4CD2BDD437A00FB9E81 /* Roboto-Regular.ttf in Resources */,
				3700A4CE2BDD437A00FB9E81 /* Roboto-Italic.ttf in Resources */,
				3700A4CF2BDD437A00FB9E81 /* Roboto-Light.ttf in Resources */,
				3700A4D02BDD437A00FB9E81 /* Roboto-MediumItalic.ttf in Resources */,
				3700A4D12BDD437A00FB9E81 /* Roboto-Medium.ttf in Resources */,
				3700A4D22BDD437A00FB9E81 /* Roboto-Bold.ttf in Resources */,
				3700A4D32BDD437A00FB9E81 /* Roboto-Black.ttf in Resources */,
				3700A4D42BDD437A00FB9E81 /* Roboto-BlackItalic.ttf in Resources */,
				3700A4D52BDD437A00FB9E81 /* Roboto-BoldItalic.ttf in Resources */,
			);
			runOnlyForDeploymentPostprocessing = 0;
		};
		377E2FBE2BD9943A00135B48 /* Resources */ = {
			isa = PBXResourcesBuildPhase;
			buildActionMask = 2147483647;
			files = (
				377E30322BD9BABE00135B48 /* Roboto-MediumItalic.ttf in Resources */,
				377E30302BD9BABE00135B48 /* Roboto-ThinItalic.ttf in Resources */,
				374400312BDA7BB8005E432B /* README.md in Resources */,
				377E30282BD9BABE00135B48 /* Roboto-Bold.ttf in Resources */,
				377E30312BD9BABE00135B48 /* Roboto-LightItalic.ttf in Resources */,
				377E30042BD99A1300135B48 /* Config.xcconfig in Resources */,
				377E30192BD9B00F00135B48 /* devChannel.json in Resources */,
				377E30332BD9BABE00135B48 /* Roboto-Regular.ttf in Resources */,
				377E2FCD2BD9943B00135B48 /* Preview Assets.xcassets in Resources */,
				377E302F2BD9BABE00135B48 /* Roboto-Light.ttf in Resources */,
				377E302A2BD9BABE00135B48 /* Roboto-Black.ttf in Resources */,
				377E302D2BD9BABE00135B48 /* Roboto-BoldItalic.ttf in Resources */,
				377E30292BD9BABE00135B48 /* Roboto-Italic.ttf in Resources */,
				377E302B2BD9BABE00135B48 /* Roboto-BlackItalic.ttf in Resources */,
				377E302C2BD9BABE00135B48 /* Roboto-Medium.ttf in Resources */,
				377E30502BDA4A6600135B48 /* Localizable.xcstrings in Resources */,
				374400352BDA92CE005E432B /* yttm_icon.png in Resources */,
				377E300F2BD9AC2700135B48 /* devVideo.json in Resources */,
				377E302E2BD9BABE00135B48 /* Roboto-Thin.ttf in Resources */,
				377E2FCA2BD9943B00135B48 /* Assets.xcassets in Resources */,
			);
			runOnlyForDeploymentPostprocessing = 0;
		};
/* End PBXResourcesBuildPhase section */

/* Begin PBXSourcesBuildPhase section */
		3700A47B2BDD227800FB9E81 /* Sources */ = {
			isa = PBXSourcesBuildPhase;
			buildActionMask = 2147483647;
			files = (
				3700A4952BDD2FDB00FB9E81 /* ThumbnailMakerViewModel.swift in Sources */,
				3700A4942BDD2B0B00FB9E81 /* ActionView.swift in Sources */,
				3700A4AA2BDD306700FB9E81 /* VideoTitleView.swift in Sources */,
				3700A4C72BDD309700FB9E81 /* Tabs.swift in Sources */,
				3700A4AB2BDD306700FB9E81 /* ChannelSubCountView.swift in Sources */,
				3700A4AC2BDD306700FB9E81 /* VideoPublishDateView.swift in Sources */,
				3700A4AD2BDD306700FB9E81 /* VideoProgressView.swift in Sources */,
				3700A4AE2BDD306700FB9E81 /* ChannelThumbnailView.swift in Sources */,
				3700A4AF2BDD306700FB9E81 /* VideoDurationView.swift in Sources */,
				3700A4B02BDD306700FB9E81 /* HiddenComponents.swift in Sources */,
				3700A4B12BDD306700FB9E81 /* VideoViewCoutView.swift in Sources */,
				3700A4B22BDD306700FB9E81 /* ChannelTitleView.swift in Sources */,
				3700A4B32BDD306700FB9E81 /* ThumbnailView.swift in Sources */,
				3700A4972BDD304800FB9E81 /* ThumbnailMakerView.swift in Sources */,
				3700A4872BDD227800FB9E81 /* ActionViewController.swift in Sources */,
				3700A4982BDD304E00FB9E81 /* WindowId.swift in Sources */,
				3700A49F2BDD305400FB9E81 /* Config.swift in Sources */,
				3700A4992BDD304E00FB9E81 /* PreviousURLs.swift in Sources */,
				3700A49A2BDD304E00FB9E81 /* ExportScale.swift in Sources */,
				3700A4A02BDD306000FB9E81 /* LastUrlsRowView.swift in Sources */,
				3700A4A12BDD306000FB9E81 /* YMOptionsView.swift in Sources */,
				3700A4A22BDD306000FB9E81 /* CopyImageButtonView.swift in Sources */,
				3700A4A32BDD306000FB9E81 /* PreferencesView.swift in Sources */,
				3700A4A42BDD306000FB9E81 /* ProgressBar.swift in Sources */,
				3700A4A52BDD306000FB9E81 /* SaveToPhotoLibraryButtonView.swift in Sources */,
				3700A4A62BDD306000FB9E81 /* LastUrlsListView.swift in Sources */,
				3700A4A72BDD306000FB9E81 /* EmptyThumbnailView.swift in Sources */,
				3700A4A82BDD306000FB9E81 /* SaveInDownloadButton.swift in Sources */,
				3700A4A92BDD306000FB9E81 /* MenuBarExtraView.swift in Sources */,
				3700A49B2BDD304E00FB9E81 /* Database.swift in Sources */,
				3700A49C2BDD304E00FB9E81 /* YTDecodable.swift in Sources */,
				3700A49D2BDD304E00FB9E81 /* SharableFile.swift in Sources */,
				3700A4B42BDD306D00FB9E81 /* KeyboardShortcuts+Extensions.swift in Sources */,
				3700A4B52BDD306D00FB9E81 /* Draggable.swift in Sources */,
				3700A4B62BDD306D00FB9E81 /* Collection+Extensions.swift in Sources */,
				3700A4B72BDD306D00FB9E81 /* Bundle+Extensions.swift in Sources */,
				3700A4B82BDD306D00FB9E81 /* View+Extensions.swift in Sources */,
				3700A4B92BDD306D00FB9E81 /* ProcessInfo+Extensions.swift in Sources */,
				3700A4BA2BDD306D00FB9E81 /* Pastboard+Extensions.swift in Sources */,
				3700A4BB2BDD306D00FB9E81 /* String+Extensions.swift in Sources */,
				3700A4BC2BDD306D00FB9E81 /* UserDefaults+Extensions.swift in Sources */,
				3700A4BD2BDD306D00FB9E81 /* Double+Extensions.swift in Sources */,
				3700A4BE2BDD306D00FB9E81 /* FileManager+Extensions.swift in Sources */,
				3700A4BF2BDD306D00FB9E81 /* Date+Extensions.swift in Sources */,
				3700A4C02BDD306D00FB9E81 /* AppImage+Extensions.swift in Sources */,
				3700A4C12BDD306D00FB9E81 /* Font+Extensions.swift in Sources */,
				3700A4C22BDD307300FB9E81 /* ImageSaverService.swift in Sources */,
				3700A4C32BDD307300FB9E81 /* NotificationService.swift in Sources */,
				3700A4C42BDD307300FB9E81 /* NetworkService.swift in Sources */,
				3700A49E2BDD304E00FB9E81 /* YMThumbnailData.swift in Sources */,
			);
			runOnlyForDeploymentPostprocessing = 0;
		};
		377E2FBC2BD9943A00135B48 /* Sources */ = {
			isa = PBXSourcesBuildPhase;
			buildActionMask = 2147483647;
			files = (
				377E2FC62BD9943A00135B48 /* ContentView.swift in Sources */,
				3744004F2BDB8ABE005E432B /* EmptyThumbnailView.swift in Sources */,
				377E30462BDA3CFF00135B48 /* String+Extensions.swift in Sources */,
				3700A4C62BDD309400FB9E81 /* Tabs.swift in Sources */,
				3700A4782BDCF95300FB9E81 /* HiddenComponents.swift in Sources */,
				377E30372BDA2D0C00135B48 /* YMOptionsView.swift in Sources */,
				3700A46A2BDCF4CA00FB9E81 /* VideoProgressView.swift in Sources */,
				374400372BDA9982005E432B /* Draggable.swift in Sources */,
				377E30542BDA514500135B48 /* Bundle+Extensions.swift in Sources */,
				377E30562BDA518300135B48 /* YMThumbnailData.swift in Sources */,
				377E300B2BD99F4900135B48 /* Double+Extensions.swift in Sources */,
				3744004C2BDAA656005E432B /* NotificationService.swift in Sources */,
				377E30072BD99A6B00135B48 /* Config.swift in Sources */,
				374400512BDBD268005E432B /* ExportScale.swift in Sources */,
				377E30432BDA38A900135B48 /* FileManager+Extensions.swift in Sources */,
				3700A46C2BDCF62300FB9E81 /* ChannelThumbnailView.swift in Sources */,
				374400332BDA7EF5005E432B /* SharableFile.swift in Sources */,
				374400412BDA9F33005E432B /* CopyImageButtonView.swift in Sources */,
				3744003B2BDA9B1F005E432B /* MenuBarExtraView.swift in Sources */,
				377E30152BD9ADB200135B48 /* YTDecodable.swift in Sources */,
				374D14D22BDD468B00BCEB93 /* ShareConfigFileButton.swift in Sources */,
				374400432BDAA04A005E432B /* PreferencesView.swift in Sources */,
				3700A4642BDC11E300FB9E81 /* LastUrlsRowView.swift in Sources */,
				3700A4742BDCF86700FB9E81 /* VideoViewCoutView.swift in Sources */,
				3700A45E2BDBF3FE00FB9E81 /* SaveToPhotoLibraryButtonView.swift in Sources */,
				3700A46E2BDCF6E600FB9E81 /* VideoTitleView.swift in Sources */,
				3700A4602BDC012100FB9E81 /* PreviousURLs.swift in Sources */,
				3700A4762BDCF8EB00FB9E81 /* VideoPublishDateView.swift in Sources */,
				3700A4702BDCF76500FB9E81 /* ChannelTitleView.swift in Sources */,
				377E30582BDA51BD00135B48 /* NetworkService.swift in Sources */,
				374400822BDBE3B8005E432B /* Pastboard+Extensions.swift in Sources */,
				377E30022BD9981900135B48 /* Database.swift in Sources */,
				377E304E2BDA4A3600135B48 /* Date+Extensions.swift in Sources */,
				374400482BDAA136005E432B /* WindowId.swift in Sources */,
				3700A4672BDCF3D800FB9E81 /* VideoDurationView.swift in Sources */,
				377E30522BDA508800135B48 /* Collection+Extensions.swift in Sources */,
				377E30092BD99CF400135B48 /* UserDefaults+Extensions.swift in Sources */,
				3700A47A2BDD023A00FB9E81 /* ImageSaverService.swift in Sources */,
				377E30482BDA3F7300135B48 /* Font+Extensions.swift in Sources */,
				3744004A2BDAA199005E432B /* KeyboardShortcuts+Extensions.swift in Sources */,
				377E305A2BDA524500135B48 /* ThumbnailMakerView.swift in Sources */,
				3700A4722BDCF7E700FB9E81 /* ChannelSubCountView.swift in Sources */,
				3744003F2BDA9E5F005E432B /* SaveInDownloadButton.swift in Sources */,
				377E300D2BD9A11000135B48 /* ProgressBar.swift in Sources */,
				377E30352BD9BDF900135B48 /* ThumbnailMakerViewModel.swift in Sources */,
				3744002F2BDA7731005E432B /* ProcessInfo+Extensions.swift in Sources */,
				374400842BDBE50D005E432B /* AppImage+Extensions.swift in Sources */,
				3744003D2BDA9BFF005E432B /* ThumbnailView.swift in Sources */,
				377E304C2BDA455700135B48 /* View+Extensions.swift in Sources */,
				3700A4622BDC039800FB9E81 /* LastUrlsListView.swift in Sources */,
				377E2FC42BD9943A00135B48 /* YoutubeMiniaApp.swift in Sources */,
			);
			runOnlyForDeploymentPostprocessing = 0;
		};
/* End PBXSourcesBuildPhase section */

/* Begin PBXTargetDependency section */
		3700A48D2BDD227800FB9E81 /* PBXTargetDependency */ = {
			isa = PBXTargetDependency;
			platformFilter = ios;
			target = 3700A47E2BDD227800FB9E81 /* YT Minia Maker Action */;
			targetProxy = 3700A48C2BDD227800FB9E81 /* PBXContainerItemProxy */;
		};
/* End PBXTargetDependency section */

/* Begin PBXVariantGroup section */
		3700A4882BDD227800FB9E81 /* MainInterface.storyboard */ = {
			isa = PBXVariantGroup;
			children = (
				3700A4892BDD227800FB9E81 /* Base */,
			);
			name = MainInterface.storyboard;
			sourceTree = "<group>";
		};
/* End PBXVariantGroup section */

/* Begin XCBuildConfiguration section */
		3700A4902BDD227800FB9E81 /* Debug */ = {
			isa = XCBuildConfiguration;
			buildSettings = {
				ASSETCATALOG_COMPILER_ALTERNATE_APPICON_NAMES = AppIcon;
				ASSETCATALOG_COMPILER_APPICON_NAME = AppIcon;
				CODE_SIGN_STYLE = Automatic;
				CURRENT_PROJECT_VERSION = $BUILD_VERSION;
				DEVELOPMENT_TEAM = V4U726YWM5;
				GENERATE_INFOPLIST_FILE = YES;
				INFOPLIST_FILE = "YT Minia Maker Action/Info.plist";
				INFOPLIST_KEY_CFBundleDisplayName = "YT Minia Maker";
				INFOPLIST_KEY_NSHumanReadableCopyright = "";
				IPHONEOS_DEPLOYMENT_TARGET = 17.0;
				LD_RUNPATH_SEARCH_PATHS = (
					"$(inherited)",
					"@executable_path/Frameworks",
					"@executable_path/../../Frameworks",
				);
				MARKETING_VERSION = $APP_VERSION;
				PRODUCT_BUNDLE_IDENTIFIER = "com.nbapps.YoutubeThumbnailMaker.YT-Minia-Maker-Action";
				PRODUCT_NAME = $TARGET_NAME;
				SDKROOT = iphoneos;
				SKIP_INSTALL = YES;
				SWIFT_EMIT_LOC_STRINGS = YES;
				SWIFT_VERSION = 5.0;
				TARGETED_DEVICE_FAMILY = "1,2";
			};
			name = Debug;
		};
		3700A4912BDD227800FB9E81 /* Release */ = {
			isa = XCBuildConfiguration;
			buildSettings = {
				ASSETCATALOG_COMPILER_ALTERNATE_APPICON_NAMES = AppIcon;
				ASSETCATALOG_COMPILER_APPICON_NAME = AppIcon;
				CODE_SIGN_STYLE = Automatic;
				CURRENT_PROJECT_VERSION = $BUILD_VERSION;
				DEVELOPMENT_TEAM = V4U726YWM5;
				GENERATE_INFOPLIST_FILE = YES;
				INFOPLIST_FILE = "YT Minia Maker Action/Info.plist";
				INFOPLIST_KEY_CFBundleDisplayName = "YT Minia Maker";
				INFOPLIST_KEY_NSHumanReadableCopyright = "";
				IPHONEOS_DEPLOYMENT_TARGET = 17.0;
				LD_RUNPATH_SEARCH_PATHS = (
					"$(inherited)",
					"@executable_path/Frameworks",
					"@executable_path/../../Frameworks",
				);
				MARKETING_VERSION = $APP_VERSION;
				PRODUCT_BUNDLE_IDENTIFIER = "com.nbapps.YoutubeThumbnailMaker.YT-Minia-Maker-Action";
				PRODUCT_NAME = $TARGET_NAME;
				SDKROOT = iphoneos;
				SKIP_INSTALL = YES;
				SWIFT_EMIT_LOC_STRINGS = YES;
				SWIFT_VERSION = 5.0;
				TARGETED_DEVICE_FAMILY = "1,2";
				VALIDATE_PRODUCT = YES;
			};
			name = Release;
		};
		377E2FE52BD9943B00135B48 /* Debug */ = {
			isa = XCBuildConfiguration;
			baseConfigurationReference = 377E30032BD99A0600135B48 /* Config.xcconfig */;
			buildSettings = {
				ALWAYS_SEARCH_USER_PATHS = NO;
				ASSETCATALOG_COMPILER_GENERATE_SWIFT_ASSET_SYMBOL_EXTENSIONS = YES;
				CLANG_ANALYZER_NONNULL = YES;
				CLANG_ANALYZER_NUMBER_OBJECT_CONVERSION = YES_AGGRESSIVE;
				CLANG_CXX_LANGUAGE_STANDARD = "gnu++20";
				CLANG_ENABLE_MODULES = YES;
				CLANG_ENABLE_OBJC_ARC = YES;
				CLANG_ENABLE_OBJC_WEAK = YES;
				CLANG_WARN_BLOCK_CAPTURE_AUTORELEASING = YES;
				CLANG_WARN_BOOL_CONVERSION = YES;
				CLANG_WARN_COMMA = YES;
				CLANG_WARN_CONSTANT_CONVERSION = YES;
				CLANG_WARN_DEPRECATED_OBJC_IMPLEMENTATIONS = YES;
				CLANG_WARN_DIRECT_OBJC_ISA_USAGE = YES_ERROR;
				CLANG_WARN_DOCUMENTATION_COMMENTS = YES;
				CLANG_WARN_EMPTY_BODY = YES;
				CLANG_WARN_ENUM_CONVERSION = YES;
				CLANG_WARN_INFINITE_RECURSION = YES;
				CLANG_WARN_INT_CONVERSION = YES;
				CLANG_WARN_NON_LITERAL_NULL_CONVERSION = YES;
				CLANG_WARN_OBJC_IMPLICIT_RETAIN_SELF = YES;
				CLANG_WARN_OBJC_LITERAL_CONVERSION = YES;
				CLANG_WARN_OBJC_ROOT_CLASS = YES_ERROR;
				CLANG_WARN_QUOTED_INCLUDE_IN_FRAMEWORK_HEADER = YES;
				CLANG_WARN_RANGE_LOOP_ANALYSIS = YES;
				CLANG_WARN_STRICT_PROTOTYPES = YES;
				CLANG_WARN_SUSPICIOUS_MOVE = YES;
				CLANG_WARN_UNGUARDED_AVAILABILITY = YES_AGGRESSIVE;
				CLANG_WARN_UNREACHABLE_CODE = YES;
				CLANG_WARN__DUPLICATE_METHOD_MATCH = YES;
				COPY_PHASE_STRIP = NO;
				DEBUG_INFORMATION_FORMAT = dwarf;
				ENABLE_STRICT_OBJC_MSGSEND = YES;
				ENABLE_TESTABILITY = YES;
				ENABLE_USER_SCRIPT_SANDBOXING = YES;
				GCC_C_LANGUAGE_STANDARD = gnu17;
				GCC_DYNAMIC_NO_PIC = NO;
				GCC_NO_COMMON_BLOCKS = YES;
				GCC_OPTIMIZATION_LEVEL = 0;
				GCC_PREPROCESSOR_DEFINITIONS = (
					"DEBUG=1",
					"$(inherited)",
				);
				GCC_WARN_64_TO_32_BIT_CONVERSION = YES;
				GCC_WARN_ABOUT_RETURN_TYPE = YES_ERROR;
				GCC_WARN_UNDECLARED_SELECTOR = YES;
				GCC_WARN_UNINITIALIZED_AUTOS = YES_AGGRESSIVE;
				GCC_WARN_UNUSED_FUNCTION = YES;
				GCC_WARN_UNUSED_VARIABLE = YES;
				LOCALIZATION_PREFERS_STRING_CATALOGS = YES;
				MACOSX_DEPLOYMENT_TARGET = 14.4;
				MTL_ENABLE_DEBUG_INFO = INCLUDE_SOURCE;
				MTL_FAST_MATH = YES;
				ONLY_ACTIVE_ARCH = YES;
				SDKROOT = macosx;
				SWIFT_ACTIVE_COMPILATION_CONDITIONS = "DEBUG $(inherited)";
				SWIFT_OPTIMIZATION_LEVEL = "-Onone";
			};
			name = Debug;
		};
		377E2FE62BD9943B00135B48 /* Release */ = {
			isa = XCBuildConfiguration;
			baseConfigurationReference = 377E30032BD99A0600135B48 /* Config.xcconfig */;
			buildSettings = {
				ALWAYS_SEARCH_USER_PATHS = NO;
				ASSETCATALOG_COMPILER_GENERATE_SWIFT_ASSET_SYMBOL_EXTENSIONS = YES;
				CLANG_ANALYZER_NONNULL = YES;
				CLANG_ANALYZER_NUMBER_OBJECT_CONVERSION = YES_AGGRESSIVE;
				CLANG_CXX_LANGUAGE_STANDARD = "gnu++20";
				CLANG_ENABLE_MODULES = YES;
				CLANG_ENABLE_OBJC_ARC = YES;
				CLANG_ENABLE_OBJC_WEAK = YES;
				CLANG_WARN_BLOCK_CAPTURE_AUTORELEASING = YES;
				CLANG_WARN_BOOL_CONVERSION = YES;
				CLANG_WARN_COMMA = YES;
				CLANG_WARN_CONSTANT_CONVERSION = YES;
				CLANG_WARN_DEPRECATED_OBJC_IMPLEMENTATIONS = YES;
				CLANG_WARN_DIRECT_OBJC_ISA_USAGE = YES_ERROR;
				CLANG_WARN_DOCUMENTATION_COMMENTS = YES;
				CLANG_WARN_EMPTY_BODY = YES;
				CLANG_WARN_ENUM_CONVERSION = YES;
				CLANG_WARN_INFINITE_RECURSION = YES;
				CLANG_WARN_INT_CONVERSION = YES;
				CLANG_WARN_NON_LITERAL_NULL_CONVERSION = YES;
				CLANG_WARN_OBJC_IMPLICIT_RETAIN_SELF = YES;
				CLANG_WARN_OBJC_LITERAL_CONVERSION = YES;
				CLANG_WARN_OBJC_ROOT_CLASS = YES_ERROR;
				CLANG_WARN_QUOTED_INCLUDE_IN_FRAMEWORK_HEADER = YES;
				CLANG_WARN_RANGE_LOOP_ANALYSIS = YES;
				CLANG_WARN_STRICT_PROTOTYPES = YES;
				CLANG_WARN_SUSPICIOUS_MOVE = YES;
				CLANG_WARN_UNGUARDED_AVAILABILITY = YES_AGGRESSIVE;
				CLANG_WARN_UNREACHABLE_CODE = YES;
				CLANG_WARN__DUPLICATE_METHOD_MATCH = YES;
				COPY_PHASE_STRIP = NO;
				DEBUG_INFORMATION_FORMAT = "dwarf-with-dsym";
				ENABLE_NS_ASSERTIONS = NO;
				ENABLE_STRICT_OBJC_MSGSEND = YES;
				ENABLE_USER_SCRIPT_SANDBOXING = YES;
				GCC_C_LANGUAGE_STANDARD = gnu17;
				GCC_NO_COMMON_BLOCKS = YES;
				GCC_WARN_64_TO_32_BIT_CONVERSION = YES;
				GCC_WARN_ABOUT_RETURN_TYPE = YES_ERROR;
				GCC_WARN_UNDECLARED_SELECTOR = YES;
				GCC_WARN_UNINITIALIZED_AUTOS = YES_AGGRESSIVE;
				GCC_WARN_UNUSED_FUNCTION = YES;
				GCC_WARN_UNUSED_VARIABLE = YES;
				LOCALIZATION_PREFERS_STRING_CATALOGS = YES;
				MACOSX_DEPLOYMENT_TARGET = 14.4;
				MTL_ENABLE_DEBUG_INFO = NO;
				MTL_FAST_MATH = YES;
				SDKROOT = macosx;
				SWIFT_COMPILATION_MODE = wholemodule;
			};
			name = Release;
		};
		377E2FE82BD9943B00135B48 /* Debug */ = {
			isa = XCBuildConfiguration;
			buildSettings = {
				ALWAYS_EMBED_SWIFT_STANDARD_LIBRARIES = YES;
				ASSETCATALOG_COMPILER_APPICON_NAME = AppIcon;
				ASSETCATALOG_COMPILER_GLOBAL_ACCENT_COLOR_NAME = AccentColor;
				CODE_SIGN_ENTITLEMENTS = YoutubeMinia/YoutubeMinia.entitlements;
				CODE_SIGN_STYLE = Automatic;
				COMBINE_HIDPI_IMAGES = YES;
				CURRENT_PROJECT_VERSION = $BUILD_VERSION;
				DEVELOPMENT_ASSET_PATHS = "\"YoutubeMinia/Preview Content\"";
				DEVELOPMENT_TEAM = V4U726YWM5;
				ENABLE_HARDENED_RUNTIME = YES;
				ENABLE_PREVIEWS = YES;
				GENERATE_INFOPLIST_FILE = YES;
				INFOPLIST_FILE = YoutubeMinia/Info.plist;
				INFOPLIST_KEY_CFBundleDisplayName = "YT Minia Maker";
				INFOPLIST_KEY_LSApplicationCategoryType = "public.app-category.productivity";
				INFOPLIST_KEY_LSSupportsOpeningDocumentsInPlace = YES;
				INFOPLIST_KEY_NSDownloadsFolderUsageDescription = "Allow acces to Download folder to save the thumbnail";
				INFOPLIST_KEY_NSFileProviderPresenceUsageDescription = "Allow acces to share file";
				INFOPLIST_KEY_NSHumanReadableCopyright = "";
				INFOPLIST_KEY_NSPhotoLibraryAddUsageDescription = "Allow acces to save image";
				INFOPLIST_KEY_UISupportedInterfaceOrientations = UIInterfaceOrientationPortrait;
				IPHONEOS_DEPLOYMENT_TARGET = 17.0;
				LD_RUNPATH_SEARCH_PATHS = (
					"$(inherited)",
					"@executable_path/../Frameworks",
				);
				MACOSX_DEPLOYMENT_TARGET = 14.0;
				MARKETING_VERSION = $APP_VERSION;
				PRODUCT_BUNDLE_IDENTIFIER = com.nbapps.YoutubeThumbnailMaker;
				PRODUCT_NAME = "YT Minia Maker";
				SUPPORTED_PLATFORMS = "iphoneos iphonesimulator macosx";
				SUPPORTS_MACCATALYST = NO;
				SWIFT_EMIT_LOC_STRINGS = YES;
				SWIFT_VERSION = 5.0;
				TARGETED_DEVICE_FAMILY = 1;
			};
			name = Debug;
		};
		377E2FE92BD9943B00135B48 /* Release */ = {
			isa = XCBuildConfiguration;
			buildSettings = {
				ALWAYS_EMBED_SWIFT_STANDARD_LIBRARIES = YES;
				ASSETCATALOG_COMPILER_APPICON_NAME = AppIcon;
				ASSETCATALOG_COMPILER_GLOBAL_ACCENT_COLOR_NAME = AccentColor;
				CODE_SIGN_ENTITLEMENTS = YoutubeMinia/YoutubeMinia.entitlements;
				CODE_SIGN_STYLE = Automatic;
				COMBINE_HIDPI_IMAGES = YES;
				CURRENT_PROJECT_VERSION = $BUILD_VERSION;
				DEVELOPMENT_ASSET_PATHS = "\"YoutubeMinia/Preview Content\"";
				DEVELOPMENT_TEAM = V4U726YWM5;
				ENABLE_HARDENED_RUNTIME = YES;
				ENABLE_PREVIEWS = YES;
				GENERATE_INFOPLIST_FILE = YES;
				INFOPLIST_FILE = YoutubeMinia/Info.plist;
				INFOPLIST_KEY_CFBundleDisplayName = "YT Minia Maker";
				INFOPLIST_KEY_LSApplicationCategoryType = "public.app-category.productivity";
				INFOPLIST_KEY_LSSupportsOpeningDocumentsInPlace = YES;
				INFOPLIST_KEY_NSDownloadsFolderUsageDescription = "Allow acces to Download folder to save the thumbnail";
				INFOPLIST_KEY_NSFileProviderPresenceUsageDescription = "Allow acces to share file";
				INFOPLIST_KEY_NSHumanReadableCopyright = "";
				INFOPLIST_KEY_NSPhotoLibraryAddUsageDescription = "Allow acces to save image";
				INFOPLIST_KEY_UISupportedInterfaceOrientations = UIInterfaceOrientationPortrait;
				IPHONEOS_DEPLOYMENT_TARGET = 17.0;
				LD_RUNPATH_SEARCH_PATHS = (
					"$(inherited)",
					"@executable_path/../Frameworks",
				);
				MACOSX_DEPLOYMENT_TARGET = 14.0;
				MARKETING_VERSION = $APP_VERSION;
				PRODUCT_BUNDLE_IDENTIFIER = com.nbapps.YoutubeThumbnailMaker;
				PRODUCT_NAME = "YT Minia Maker";
				SUPPORTED_PLATFORMS = "iphoneos iphonesimulator macosx";
				SUPPORTS_MACCATALYST = NO;
				SWIFT_EMIT_LOC_STRINGS = YES;
				SWIFT_VERSION = 5.0;
				TARGETED_DEVICE_FAMILY = 1;
			};
			name = Release;
		};
/* End XCBuildConfiguration section */

/* Begin XCConfigurationList section */
		3700A4922BDD227800FB9E81 /* Build configuration list for PBXNativeTarget "YT Minia Maker Action" */ = {
			isa = XCConfigurationList;
			buildConfigurations = (
				3700A4902BDD227800FB9E81 /* Debug */,
				3700A4912BDD227800FB9E81 /* Release */,
			);
			defaultConfigurationIsVisible = 0;
			defaultConfigurationName = Release;
		};
		377E2FBB2BD9943A00135B48 /* Build configuration list for PBXProject "YoutubeMinia" */ = {
			isa = XCConfigurationList;
			buildConfigurations = (
				377E2FE52BD9943B00135B48 /* Debug */,
				377E2FE62BD9943B00135B48 /* Release */,
			);
			defaultConfigurationIsVisible = 0;
			defaultConfigurationName = Release;
		};
		377E2FE72BD9943B00135B48 /* Build configuration list for PBXNativeTarget "YoutubeMinia" */ = {
			isa = XCConfigurationList;
			buildConfigurations = (
				377E2FE82BD9943B00135B48 /* Debug */,
				377E2FE92BD9943B00135B48 /* Release */,
			);
			defaultConfigurationIsVisible = 0;
			defaultConfigurationName = Release;
		};
/* End XCConfigurationList section */

/* Begin XCRemoteSwiftPackageReference section */
		374400442BDAA109005E432B /* XCRemoteSwiftPackageReference "KeyboardShortcuts" */ = {
			isa = XCRemoteSwiftPackageReference;
			repositoryURL = "https://github.com/sindresorhus/KeyboardShortcuts.git";
			requirement = {
				kind = upToNextMajorVersion;
				minimumVersion = 2.0.0;
			};
		};
/* End XCRemoteSwiftPackageReference section */

/* Begin XCSwiftPackageProductDependency section */
		374400452BDAA109005E432B /* KeyboardShortcuts */ = {
			isa = XCSwiftPackageProductDependency;
			package = 374400442BDAA109005E432B /* XCRemoteSwiftPackageReference "KeyboardShortcuts" */;
			productName = KeyboardShortcuts;
		};
/* End XCSwiftPackageProductDependency section */
	};
	rootObject = 377E2FB82BD9943A00135B48 /* Project object */;
}
